
Microsoft Visual Studio Solution File, Format Version 12.00
# Visual Studio Version 17
VisualStudioVersion = 17.14.36327.8 d17.14
MinimumVisualStudioVersion = 10.0.40219.1
Project("{FAE04EC0-301F-11D3-BF4B-00C04F79EFBC}") = "MindustryChematicCreator", "MindustryChematicCreator\MindustryChematicCreator.csproj", "{2A494D88-4936-4899-B3EE-E800F35E7B14}"
EndProject
Project("{FAE04EC0-301F-11D3-BF4B-00C04F79EFBC}") = "Tests", "Tests\Tests.csproj", "{B24AE1E6-93EF-4AE9-B959-E6EBA50D1AF5}"
EndProject
Global
	GlobalSection(SolutionConfigurationPlatforms) = preSolution
		Debug|Any CPU = Debug|Any CPU
		Release|Any CPU = Release|Any CPU
	EndGlobalSection
	GlobalSection(ProjectConfigurationPlatforms) = postSolution
		{2A494D88-4936-4899-B3EE-E800F35E7B14}.Debug|Any CPU.ActiveCfg = Debug|Any CPU
		{2A494D88-4936-4899-B3EE-E800F35E7B14}.Debug|Any CPU.Build.0 = Debug|Any CPU
		{2A494D88-4936-4899-B3EE-E800F35E7B14}.Release|Any CPU.ActiveCfg = Release|Any CPU
		{2A494D88-4936-4899-B3EE-E800F35E7B14}.Release|Any CPU.Build.0 = Release|Any CPU
		{B24AE1E6-93EF-4AE9-B959-E6EBA50D1AF5}.Debug|Any CPU.ActiveCfg = Debug|Any CPU
		{B24AE1E6-93EF-4AE9-B959-E6EBA50D1AF5}.Debug|Any CPU.Build.0 = Debug|Any CPU
		{B24AE1E6-93EF-4AE9-B959-E6EBA50D1AF5}.Release|Any CPU.ActiveCfg = Release|Any CPU
		{B24AE1E6-93EF-4AE9-B959-E6EBA50D1AF5}.Release|Any CPU.Build.0 = Release|Any CPU
	EndGlobalSection
	GlobalSection(SolutionProperties) = preSolution
		HideSolutionNode = FALSE
	EndGlobalSection
	GlobalSection(ExtensibilityGlobals) = postSolution
		SolutionGuid = {172D550F-C387-41F2-9F14-09B92729FB64}
	EndGlobalSection
EndGlobal
